
Microsoft Visual Studio Solution File, Format Version 12.00
# Visual Studio 14
VisualStudioVersion = 14.0.25123.0
MinimumVisualStudioVersion = 10.0.40219.1
Project("{FAE04EC0-301F-11D3-BF4B-00C04F79EFBC}") = "FacadePattern", "Facade\FacadePattern\FacadePattern.csproj", "{904A6D40-C954-4763-B28D-9D19A667A84E}"
EndProject
Project("{FAE04EC0-301F-11D3-BF4B-00C04F79EFBC}") = "FacadePattern.Tests", "Facade\FacadePattern.Tests\FacadePattern.Tests.csproj", "{8398B06D-9433-4A78-841E-8F2482F5146A}"
EndProject
Project("{2150E333-8FDC-42A3-9474-1A3956D46DE8}") = "Solution Items", "Solution Items", "{46759824-246C-4606-AB35-6F2FC41C48C3}"
	ProjectSection(SolutionItems) = preProject
		readme.md = readme.md
	EndProjectSection
EndProject
Project("{2150E333-8FDC-42A3-9474-1A3956D46DE8}") = "Facade", "Facade", "{4DBFBFF9-42BD-4E89-8545-7AB0A5DB6C7F}"
	ProjectSection(SolutionItems) = preProject
		Facade\readme.md = Facade\readme.md
	EndProjectSection
EndProject
Project("{2150E333-8FDC-42A3-9474-1A3956D46DE8}") = "Singleton", "Singleton", "{B1CE0D4C-3BC4-4068-8EEB-0FEF9C0EB5C5}"
	ProjectSection(SolutionItems) = preProject
		Singleton\readme.md = Singleton\readme.md
	EndProjectSection
EndProject
Project("{FAE04EC0-301F-11D3-BF4B-00C04F79EFBC}") = "SingletonPattern", "Singleton\SingletonPattern\SingletonPattern.csproj", "{D9ECD7D8-F919-467E-A7BE-A3FC13DA1184}"
EndProject
Project("{FAE04EC0-301F-11D3-BF4B-00C04F79EFBC}") = "SingletonPattern.Tests", "Singleton\SingletonPattern.Tests\SingletonPattern.Tests.csproj", "{4E7B7631-3F91-4EEE-89F0-3B6B9DA502D9}"
EndProject
Global
	GlobalSection(SolutionConfigurationPlatforms) = preSolution
		Debug|Any CPU = Debug|Any CPU
		Release|Any CPU = Release|Any CPU
	EndGlobalSection
	GlobalSection(ProjectConfigurationPlatforms) = postSolution
		{904A6D40-C954-4763-B28D-9D19A667A84E}.Debug|Any CPU.ActiveCfg = Debug|Any CPU
		{904A6D40-C954-4763-B28D-9D19A667A84E}.Debug|Any CPU.Build.0 = Debug|Any CPU
		{904A6D40-C954-4763-B28D-9D19A667A84E}.Release|Any CPU.ActiveCfg = Release|Any CPU
		{904A6D40-C954-4763-B28D-9D19A667A84E}.Release|Any CPU.Build.0 = Release|Any CPU
		{8398B06D-9433-4A78-841E-8F2482F5146A}.Debug|Any CPU.ActiveCfg = Debug|Any CPU
		{8398B06D-9433-4A78-841E-8F2482F5146A}.Debug|Any CPU.Build.0 = Debug|Any CPU
		{8398B06D-9433-4A78-841E-8F2482F5146A}.Release|Any CPU.ActiveCfg = Release|Any CPU
		{8398B06D-9433-4A78-841E-8F2482F5146A}.Release|Any CPU.Build.0 = Release|Any CPU
		{D9ECD7D8-F919-467E-A7BE-A3FC13DA1184}.Debug|Any CPU.ActiveCfg = Debug|Any CPU
		{D9ECD7D8-F919-467E-A7BE-A3FC13DA1184}.Debug|Any CPU.Build.0 = Debug|Any CPU
		{D9ECD7D8-F919-467E-A7BE-A3FC13DA1184}.Release|Any CPU.ActiveCfg = Release|Any CPU
		{D9ECD7D8-F919-467E-A7BE-A3FC13DA1184}.Release|Any CPU.Build.0 = Release|Any CPU
		{4E7B7631-3F91-4EEE-89F0-3B6B9DA502D9}.Debug|Any CPU.ActiveCfg = Debug|Any CPU
		{4E7B7631-3F91-4EEE-89F0-3B6B9DA502D9}.Debug|Any CPU.Build.0 = Debug|Any CPU
		{4E7B7631-3F91-4EEE-89F0-3B6B9DA502D9}.Release|Any CPU.ActiveCfg = Release|Any CPU
		{4E7B7631-3F91-4EEE-89F0-3B6B9DA502D9}.Release|Any CPU.Build.0 = Release|Any CPU
	EndGlobalSection
	GlobalSection(SolutionProperties) = preSolution
		HideSolutionNode = FALSE
	EndGlobalSection
	GlobalSection(NestedProjects) = preSolution
		{904A6D40-C954-4763-B28D-9D19A667A84E} = {4DBFBFF9-42BD-4E89-8545-7AB0A5DB6C7F}
		{8398B06D-9433-4A78-841E-8F2482F5146A} = {4DBFBFF9-42BD-4E89-8545-7AB0A5DB6C7F}
		{D9ECD7D8-F919-467E-A7BE-A3FC13DA1184} = {B1CE0D4C-3BC4-4068-8EEB-0FEF9C0EB5C5}
		{4E7B7631-3F91-4EEE-89F0-3B6B9DA502D9} = {B1CE0D4C-3BC4-4068-8EEB-0FEF9C0EB5C5}
	EndGlobalSection
EndGlobal
